
Microsoft Visual Studio Solution File, Format Version 12.00
# Visual Studio Version 16
Project("{8BC9CEB8-8B4A-11D0-8D11-00A0C91BC942}") = "ALL_BUILD", "ALL_BUILD.vcxproj", "{27BAAD1C-2DDC-3163-A6F9-56DEA8C9E157}"
	ProjectSection(ProjectDependencies) = postProject
		{F08EABAC-03BE-374E-A976-C07952B273A5} = {F08EABAC-03BE-374E-A976-C07952B273A5}
		{1F258C93-4DDE-397A-A876-5B51DFBBA3FB} = {1F258C93-4DDE-397A-A876-5B51DFBBA3FB}
		{BC8826D7-1C13-3DAD-BB87-ED1CE4971E74} = {BC8826D7-1C13-3DAD-BB87-ED1CE4971E74}
		{8E7AE689-9CFE-326D-AD7D-FF4A7D838F03} = {8E7AE689-9CFE-326D-AD7D-FF4A7D838F03}
		{81A512C2-CCD1-3576-8854-4A161E1547FA} = {81A512C2-CCD1-3576-8854-4A161E1547FA}
	EndProjectSection
EndProject
Project("{8BC9CEB8-8B4A-11D0-8D11-00A0C91BC942}") = "INSTALL", "INSTALL.vcxproj", "{3DEF8A82-7856-3938-B237-92279F1C1722}"
	ProjectSection(ProjectDependencies) = postProject
		{27BAAD1C-2DDC-3163-A6F9-56DEA8C9E157} = {27BAAD1C-2DDC-3163-A6F9-56DEA8C9E157}
		{F08EABAC-03BE-374E-A976-C07952B273A5} = {F08EABAC-03BE-374E-A976-C07952B273A5}
	EndProjectSection
EndProject
Project("{8BC9CEB8-8B4A-11D0-8D11-00A0C91BC942}") = "ZERO_CHECK", "ZERO_CHECK.vcxproj", "{F08EABAC-03BE-374E-A976-C07952B273A5}"
	ProjectSection(ProjectDependencies) = postProject
	EndProjectSection
EndProject
Project("{8BC9CEB8-8B4A-11D0-8D11-00A0C91BC942}") = "dark", "dark.vcxproj", "{1F258C93-4DDE-397A-A876-5B51DFBBA3FB}"
	ProjectSection(ProjectDependencies) = postProject
		{F08EABAC-03BE-374E-A976-C07952B273A5} = {F08EABAC-03BE-374E-A976-C07952B273A5}
	EndProjectSection
EndProject
Project("{8BC9CEB8-8B4A-11D0-8D11-00A0C91BC942}") = "darknet", "darknet.vcxproj", "{BC8826D7-1C13-3DAD-BB87-ED1CE4971E74}"
	ProjectSection(ProjectDependencies) = postProject
		{F08EABAC-03BE-374E-A976-C07952B273A5} = {F08EABAC-03BE-374E-A976-C07952B273A5}
	EndProjectSection
EndProject
Project("{8BC9CEB8-8B4A-11D0-8D11-00A0C91BC942}") = "uselib", "uselib.vcxproj", "{8E7AE689-9CFE-326D-AD7D-FF4A7D838F03}"
	ProjectSection(ProjectDependencies) = postProject
		{F08EABAC-03BE-374E-A976-C07952B273A5} = {F08EABAC-03BE-374E-A976-C07952B273A5}
		{1F258C93-4DDE-397A-A876-5B51DFBBA3FB} = {1F258C93-4DDE-397A-A876-5B51DFBBA3FB}
	EndProjectSection
EndProject
Project("{8BC9CEB8-8B4A-11D0-8D11-00A0C91BC942}") = "uselib_track", "uselib_track.vcxproj", "{81A512C2-CCD1-3576-8854-4A161E1547FA}"
	ProjectSection(ProjectDependencies) = postProject
		{F08EABAC-03BE-374E-A976-C07952B273A5} = {F08EABAC-03BE-374E-A976-C07952B273A5}
		{1F258C93-4DDE-397A-A876-5B51DFBBA3FB} = {1F258C93-4DDE-397A-A876-5B51DFBBA3FB}
	EndProjectSection
EndProject
Global
	GlobalSection(SolutionConfigurationPlatforms) = preSolution
		Debug|x64 = Debug|x64
		Release|x64 = Release|x64
		MinSizeRel|x64 = MinSizeRel|x64
		RelWithDebInfo|x64 = RelWithDebInfo|x64
	EndGlobalSection
	GlobalSection(ProjectConfigurationPlatforms) = postSolution
		{27BAAD1C-2DDC-3163-A6F9-56DEA8C9E157}.Debug|x64.ActiveCfg = Debug|x64
		{27BAAD1C-2DDC-3163-A6F9-56DEA8C9E157}.Debug|x64.Build.0 = Debug|x64
		{27BAAD1C-2DDC-3163-A6F9-56DEA8C9E157}.Release|x64.ActiveCfg = Release|x64
		{27BAAD1C-2DDC-3163-A6F9-56DEA8C9E157}.Release|x64.Build.0 = Release|x64
		{27BAAD1C-2DDC-3163-A6F9-56DEA8C9E157}.MinSizeRel|x64.ActiveCfg = MinSizeRel|x64
		{27BAAD1C-2DDC-3163-A6F9-56DEA8C9E157}.MinSizeRel|x64.Build.0 = MinSizeRel|x64
		{27BAAD1C-2DDC-3163-A6F9-56DEA8C9E157}.RelWithDebInfo|x64.ActiveCfg = RelWithDebInfo|x64
		{27BAAD1C-2DDC-3163-A6F9-56DEA8C9E157}.RelWithDebInfo|x64.Build.0 = RelWithDebInfo|x64
		{3DEF8A82-7856-3938-B237-92279F1C1722}.Debug|x64.ActiveCfg = Debug|x64
		{3DEF8A82-7856-3938-B237-92279F1C1722}.Release|x64.ActiveCfg = Release|x64
		{3DEF8A82-7856-3938-B237-92279F1C1722}.MinSizeRel|x64.ActiveCfg = MinSizeRel|x64
		{3DEF8A82-7856-3938-B237-92279F1C1722}.RelWithDebInfo|x64.ActiveCfg = RelWithDebInfo|x64
		{F08EABAC-03BE-374E-A976-C07952B273A5}.Debug|x64.ActiveCfg = Debug|x64
		{F08EABAC-03BE-374E-A976-C07952B273A5}.Debug|x64.Build.0 = Debug|x64
		{F08EABAC-03BE-374E-A976-C07952B273A5}.Release|x64.ActiveCfg = Release|x64
		{F08EABAC-03BE-374E-A976-C07952B273A5}.Release|x64.Build.0 = Release|x64
		{F08EABAC-03BE-374E-A976-C07952B273A5}.MinSizeRel|x64.ActiveCfg = MinSizeRel|x64
		{F08EABAC-03BE-374E-A976-C07952B273A5}.MinSizeRel|x64.Build.0 = MinSizeRel|x64
		{F08EABAC-03BE-374E-A976-C07952B273A5}.RelWithDebInfo|x64.ActiveCfg = RelWithDebInfo|x64
		{F08EABAC-03BE-374E-A976-C07952B273A5}.RelWithDebInfo|x64.Build.0 = RelWithDebInfo|x64
		{1F258C93-4DDE-397A-A876-5B51DFBBA3FB}.Debug|x64.ActiveCfg = Debug|x64
		{1F258C93-4DDE-397A-A876-5B51DFBBA3FB}.Debug|x64.Build.0 = Debug|x64
		{1F258C93-4DDE-397A-A876-5B51DFBBA3FB}.Release|x64.ActiveCfg = Release|x64
		{1F258C93-4DDE-397A-A876-5B51DFBBA3FB}.Release|x64.Build.0 = Release|x64
		{1F258C93-4DDE-397A-A876-5B51DFBBA3FB}.MinSizeRel|x64.ActiveCfg = MinSizeRel|x64
		{1F258C93-4DDE-397A-A876-5B51DFBBA3FB}.MinSizeRel|x64.Build.0 = MinSizeRel|x64
		{1F258C93-4DDE-397A-A876-5B51DFBBA3FB}.RelWithDebInfo|x64.ActiveCfg = RelWithDebInfo|x64
		{1F258C93-4DDE-397A-A876-5B51DFBBA3FB}.RelWithDebInfo|x64.Build.0 = RelWithDebInfo|x64
		{BC8826D7-1C13-3DAD-BB87-ED1CE4971E74}.Debug|x64.ActiveCfg = Debug|x64
		{BC8826D7-1C13-3DAD-BB87-ED1CE4971E74}.Debug|x64.Build.0 = Debug|x64
		{BC8826D7-1C13-3DAD-BB87-ED1CE4971E74}.Release|x64.ActiveCfg = Release|x64
		{BC8826D7-1C13-3DAD-BB87-ED1CE4971E74}.Release|x64.Build.0 = Release|x64
		{BC8826D7-1C13-3DAD-BB87-ED1CE4971E74}.MinSizeRel|x64.ActiveCfg = MinSizeRel|x64
		{BC8826D7-1C13-3DAD-BB87-ED1CE4971E74}.MinSizeRel|x64.Build.0 = MinSizeRel|x64
		{BC8826D7-1C13-3DAD-BB87-ED1CE4971E74}.RelWithDebInfo|x64.ActiveCfg = RelWithDebInfo|x64
		{BC8826D7-1C13-3DAD-BB87-ED1CE4971E74}.RelWithDebInfo|x64.Build.0 = RelWithDebInfo|x64
		{8E7AE689-9CFE-326D-AD7D-FF4A7D838F03}.Debug|x64.ActiveCfg = Debug|x64
		{8E7AE689-9CFE-326D-AD7D-FF4A7D838F03}.Debug|x64.Build.0 = Debug|x64
		{8E7AE689-9CFE-326D-AD7D-FF4A7D838F03}.Release|x64.ActiveCfg = Release|x64
		{8E7AE689-9CFE-326D-AD7D-FF4A7D838F03}.Release|x64.Build.0 = Release|x64
		{8E7AE689-9CFE-326D-AD7D-FF4A7D838F03}.MinSizeRel|x64.ActiveCfg = MinSizeRel|x64
		{8E7AE689-9CFE-326D-AD7D-FF4A7D838F03}.MinSizeRel|x64.Build.0 = MinSizeRel|x64
		{8E7AE689-9CFE-326D-AD7D-FF4A7D838F03}.RelWithDebInfo|x64.ActiveCfg = RelWithDebInfo|x64
		{8E7AE689-9CFE-326D-AD7D-FF4A7D838F03}.RelWithDebInfo|x64.Build.0 = RelWithDebInfo|x64
		{81A512C2-CCD1-3576-8854-4A161E1547FA}.Debug|x64.ActiveCfg = Debug|x64
		{81A512C2-CCD1-3576-8854-4A161E1547FA}.Debug|x64.Build.0 = Debug|x64
		{81A512C2-CCD1-3576-8854-4A161E1547FA}.Release|x64.ActiveCfg = Release|x64
		{81A512C2-CCD1-3576-8854-4A161E1547FA}.Release|x64.Build.0 = Release|x64
		{81A512C2-CCD1-3576-8854-4A161E1547FA}.MinSizeRel|x64.ActiveCfg = MinSizeRel|x64
		{81A512C2-CCD1-3576-8854-4A161E1547FA}.MinSizeRel|x64.Build.0 = MinSizeRel|x64
		{81A512C2-CCD1-3576-8854-4A161E1547FA}.RelWithDebInfo|x64.ActiveCfg = RelWithDebInfo|x64
		{81A512C2-CCD1-3576-8854-4A161E1547FA}.RelWithDebInfo|x64.Build.0 = RelWithDebInfo|x64
	EndGlobalSection
	GlobalSection(ExtensibilityGlobals) = postSolution
		SolutionGuid = {CC84B7E4-88E9-3644-A86F-11A4DAD0F635}
	EndGlobalSection
	GlobalSection(ExtensibilityAddIns) = postSolution
	EndGlobalSection
EndGlobal
